{
  "name": "repo-dump",
  "version": "1.0.0",
  "lockfileVersion": 1,
  "requires": true,
  "dependencies": {
    "array-foreach": {
      "version": "1.0.2",
      "resolved": "https://registry.npmjs.org/array-foreach/-/array-foreach-1.0.2.tgz",
      "integrity": "sha1-zTbkLw9IIQjEBrNcNhKolwsvzOo="
    },
    "http-debug": {
      "version": "0.1.2",
      "resolved": "https://registry.npmjs.org/http-debug/-/http-debug-0.1.2.tgz",
      "integrity": "sha1-qtv++ZvDnCBkOezhS5kEDFpLTW4="
    }
  }
}
